
Microsoft Visual Studio Solution File, Format Version 12.00
# Visual Studio Version 17
VisualStudioVersion = 17.9.34607.119
MinimumVisualStudioVersion = 10.0.40219.1
Project("{FAE04EC0-301F-11D3-BF4B-00C04F79EFBC}") = "Pizza_Project_Requirments", "Pizza_Project_Requirments.csproj", "{312496B2-5CA5-4D95-ACE8-6A26E8271962}"
EndProject
Global
	GlobalSection(SolutionConfigurationPlatforms) = preSolution
		Debug|Any CPU = Debug|Any CPU
		Release|Any CPU = Release|Any CPU
	EndGlobalSection
	GlobalSection(ProjectConfigurationPlatforms) = postSolution
		{312496B2-5CA5-4D95-ACE8-6A26E8271962}.Debug|Any CPU.ActiveCfg = Debug|Any CPU
		{312496B2-5CA5-4D95-ACE8-6A26E8271962}.Debug|Any CPU.Build.0 = Debug|Any CPU
		{312496B2-5CA5-4D95-ACE8-6A26E8271962}.Release|Any CPU.ActiveCfg = Release|Any CPU
		{312496B2-5CA5-4D95-ACE8-6A26E8271962}.Release|Any CPU.Build.0 = Release|Any CPU
	EndGlobalSection
	GlobalSection(SolutionProperties) = preSolution
		HideSolutionNode = FALSE
	EndGlobalSection
	GlobalSection(ExtensibilityGlobals) = postSolution
		SolutionGuid = {7D1E91EE-A933-4898-9A7C-36753220AE33}
	EndGlobalSection
EndGlobal
