
Microsoft Visual Studio Solution File, Format Version 12.00
# Visual Studio Version 17
VisualStudioVersion = 17.7.34221.43
MinimumVisualStudioVersion = 10.0.40219.1
Project("{8BC9CEB8-8B4A-11D0-8D11-00A0C91BC942}") = "For_Loops", "For_Loops\For_Loops.vcxproj", "{254DBD3C-42D2-465A-8E28-EF8116A1E167}"
EndProject
Global
	GlobalSection(SolutionConfigurationPlatforms) = preSolution
		Debug|x64 = Debug|x64
		Debug|x86 = Debug|x86
		Release|x64 = Release|x64
		Release|x86 = Release|x86
	EndGlobalSection
	GlobalSection(ProjectConfigurationPlatforms) = postSolution
		{254DBD3C-42D2-465A-8E28-EF8116A1E167}.Debug|x64.ActiveCfg = Debug|x64
		{254DBD3C-42D2-465A-8E28-EF8116A1E167}.Debug|x64.Build.0 = Debug|x64
		{254DBD3C-42D2-465A-8E28-EF8116A1E167}.Debug|x86.ActiveCfg = Debug|Win32
		{254DBD3C-42D2-465A-8E28-EF8116A1E167}.Debug|x86.Build.0 = Debug|Win32
		{254DBD3C-42D2-465A-8E28-EF8116A1E167}.Release|x64.ActiveCfg = Release|x64
		{254DBD3C-42D2-465A-8E28-EF8116A1E167}.Release|x64.Build.0 = Release|x64
		{254DBD3C-42D2-465A-8E28-EF8116A1E167}.Release|x86.ActiveCfg = Release|Win32
		{254DBD3C-42D2-465A-8E28-EF8116A1E167}.Release|x86.Build.0 = Release|Win32
	EndGlobalSection
	GlobalSection(SolutionProperties) = preSolution
		HideSolutionNode = FALSE
	EndGlobalSection
	GlobalSection(ExtensibilityGlobals) = postSolution
		SolutionGuid = {2AF8866F-0DC3-49A7-9633-2A95FCC4BD88}
	EndGlobalSection
EndGlobal
