
Microsoft Visual Studio Solution File, Format Version 12.00
# Visual Studio Version 17
VisualStudioVersion = 17.9.34607.119
MinimumVisualStudioVersion = 10.0.40219.1
Project("{FAE04EC0-301F-11D3-BF4B-00C04F79EFBC}") = "Pizza_Project", "Pizza_Project.csproj", "{2B6619BC-56E4-4B37-B926-C4D02C895DA8}"
EndProject
Global
	GlobalSection(SolutionConfigurationPlatforms) = preSolution
		Debug|Any CPU = Debug|Any CPU
		Release|Any CPU = Release|Any CPU
	EndGlobalSection
	GlobalSection(ProjectConfigurationPlatforms) = postSolution
		{2B6619BC-56E4-4B37-B926-C4D02C895DA8}.Debug|Any CPU.ActiveCfg = Debug|Any CPU
		{2B6619BC-56E4-4B37-B926-C4D02C895DA8}.Debug|Any CPU.Build.0 = Debug|Any CPU
		{2B6619BC-56E4-4B37-B926-C4D02C895DA8}.Release|Any CPU.ActiveCfg = Release|Any CPU
		{2B6619BC-56E4-4B37-B926-C4D02C895DA8}.Release|Any CPU.Build.0 = Release|Any CPU
	EndGlobalSection
	GlobalSection(SolutionProperties) = preSolution
		HideSolutionNode = FALSE
	EndGlobalSection
	GlobalSection(ExtensibilityGlobals) = postSolution
		SolutionGuid = {F7072670-0456-4154-9327-A6C4BB88ED6C}
	EndGlobalSection
EndGlobal
