
Microsoft Visual Studio Solution File, Format Version 12.00
# Visual Studio Version 17
VisualStudioVersion = 17.7.34221.43
MinimumVisualStudioVersion = 10.0.40219.1
Project("{8BC9CEB8-8B4A-11D0-8D11-00A0C91BC942}") = "Function Parameters-by-val_VS_by-ref", "Function Parameters-by-val_VS_by-ref\Function Parameters-by-val_VS_by-ref.vcxproj", "{90995CCD-BCA2-47CF-8FE1-8D022EF9639C}"
EndProject
Global
	GlobalSection(SolutionConfigurationPlatforms) = preSolution
		Debug|x64 = Debug|x64
		Debug|x86 = Debug|x86
		Release|x64 = Release|x64
		Release|x86 = Release|x86
	EndGlobalSection
	GlobalSection(ProjectConfigurationPlatforms) = postSolution
		{90995CCD-BCA2-47CF-8FE1-8D022EF9639C}.Debug|x64.ActiveCfg = Debug|x64
		{90995CCD-BCA2-47CF-8FE1-8D022EF9639C}.Debug|x64.Build.0 = Debug|x64
		{90995CCD-BCA2-47CF-8FE1-8D022EF9639C}.Debug|x86.ActiveCfg = Debug|Win32
		{90995CCD-BCA2-47CF-8FE1-8D022EF9639C}.Debug|x86.Build.0 = Debug|Win32
		{90995CCD-BCA2-47CF-8FE1-8D022EF9639C}.Release|x64.ActiveCfg = Release|x64
		{90995CCD-BCA2-47CF-8FE1-8D022EF9639C}.Release|x64.Build.0 = Release|x64
		{90995CCD-BCA2-47CF-8FE1-8D022EF9639C}.Release|x86.ActiveCfg = Release|Win32
		{90995CCD-BCA2-47CF-8FE1-8D022EF9639C}.Release|x86.Build.0 = Release|Win32
	EndGlobalSection
	GlobalSection(SolutionProperties) = preSolution
		HideSolutionNode = FALSE
	EndGlobalSection
	GlobalSection(ExtensibilityGlobals) = postSolution
		SolutionGuid = {325596CE-F90F-445D-A7C6-0E24D6BE484E}
	EndGlobalSection
EndGlobal
